
Microsoft Visual Studio Solution File, Format Version 12.00
# Visual Studio Version 16
VisualStudioVersion = 16.0.30717.126
MinimumVisualStudioVersion = 10.0.40219.1
Project("{FAE04EC0-301F-11D3-BF4B-00C04F79EFBC}") = "MYCVMAKERPROJECT", "MYCVMAKERPROJECT\MYCVMAKERPROJECT.csproj", "{C1CA796C-3C5B-4D00-9BFD-DB247B1AC31A}"
EndProject
Global
	GlobalSection(SolutionConfigurationPlatforms) = preSolution
		Debug|Any CPU = Debug|Any CPU
		Release|Any CPU = Release|Any CPU
	EndGlobalSection
	GlobalSection(ProjectConfigurationPlatforms) = postSolution
		{C1CA796C-3C5B-4D00-9BFD-DB247B1AC31A}.Debug|Any CPU.ActiveCfg = Debug|Any CPU
		{C1CA796C-3C5B-4D00-9BFD-DB247B1AC31A}.Debug|Any CPU.Build.0 = Debug|Any CPU
		{C1CA796C-3C5B-4D00-9BFD-DB247B1AC31A}.Release|Any CPU.ActiveCfg = Release|Any CPU
		{C1CA796C-3C5B-4D00-9BFD-DB247B1AC31A}.Release|Any CPU.Build.0 = Release|Any CPU
	EndGlobalSection
	GlobalSection(SolutionProperties) = preSolution
		HideSolutionNode = FALSE
	EndGlobalSection
	GlobalSection(ExtensibilityGlobals) = postSolution
		SolutionGuid = {21B56742-F992-4F89-8A29-CBA06A413866}
	EndGlobalSection
EndGlobal
